
Microsoft Visual Studio Solution File, Format Version 12.00
# Visual Studio Version 17
VisualStudioVersion = 17.0.31903.59
MinimumVisualStudioVersion = 10.0.40219.1
Project("{2150E333-8FDC-42A3-9474-1A3956D46DE8}") = "Api.Application", "Api.Application", "{7C8C418E-DA64-826B-FC44-19C8E6950DF3}"
EndProject
Project("{FAE04EC0-301F-11D3-BF4B-00C04F79EFBC}") = "application", "Api.Application\application.csproj", "{D3D954E3-ABF0-4E67-B066-1939D74F4DEC}"
EndProject
Project("{2150E333-8FDC-42A3-9474-1A3956D46DE8}") = "Api.Domain", "Api.Domain", "{B074FEE8-4E10-0031-71FF-49F4345BFDDF}"
EndProject
Project("{FAE04EC0-301F-11D3-BF4B-00C04F79EFBC}") = "Domain", "Api.Domain\Domain.csproj", "{2AF6A2CC-25CA-49DB-A769-E019A171146C}"
EndProject
Project("{2150E333-8FDC-42A3-9474-1A3956D46DE8}") = "Api.CrossCutting", "Api.CrossCutting", "{F22AA972-3027-63FD-3903-780424A49BCB}"
EndProject
Project("{FAE04EC0-301F-11D3-BF4B-00C04F79EFBC}") = "CrossCutting", "Api.CrossCutting\CrossCutting.csproj", "{527C3883-909C-4F50-B0E4-BE0442F4BBE4}"
EndProject
Project("{2150E333-8FDC-42A3-9474-1A3956D46DE8}") = "Api.Data", "Api.Data", "{99CA9964-E9DD-35A6-DC82-4979CFE35996}"
EndProject
Project("{FAE04EC0-301F-11D3-BF4B-00C04F79EFBC}") = "Data", "Api.Data\Data.csproj", "{F3D0A0C4-0765-4E68-A61B-FCDA2CD23757}"
EndProject
Project("{2150E333-8FDC-42A3-9474-1A3956D46DE8}") = "Api.Service", "Api.Service", "{8DE91230-3589-0265-9CAA-E66F8B5A7CFA}"
EndProject
Project("{FAE04EC0-301F-11D3-BF4B-00C04F79EFBC}") = "Service", "Api.Service\Service.csproj", "{03FBBD0B-F611-4423-96C6-51608C95E0C1}"
EndProject
Global
	GlobalSection(SolutionConfigurationPlatforms) = preSolution
		Debug|Any CPU = Debug|Any CPU
		Debug|x64 = Debug|x64
		Debug|x86 = Debug|x86
		Release|Any CPU = Release|Any CPU
		Release|x64 = Release|x64
		Release|x86 = Release|x86
	EndGlobalSection
	GlobalSection(ProjectConfigurationPlatforms) = postSolution
		{D3D954E3-ABF0-4E67-B066-1939D74F4DEC}.Debug|Any CPU.ActiveCfg = Debug|Any CPU
		{D3D954E3-ABF0-4E67-B066-1939D74F4DEC}.Debug|Any CPU.Build.0 = Debug|Any CPU
		{D3D954E3-ABF0-4E67-B066-1939D74F4DEC}.Debug|x64.ActiveCfg = Debug|Any CPU
		{D3D954E3-ABF0-4E67-B066-1939D74F4DEC}.Debug|x64.Build.0 = Debug|Any CPU
		{D3D954E3-ABF0-4E67-B066-1939D74F4DEC}.Debug|x86.ActiveCfg = Debug|Any CPU
		{D3D954E3-ABF0-4E67-B066-1939D74F4DEC}.Debug|x86.Build.0 = Debug|Any CPU
		{D3D954E3-ABF0-4E67-B066-1939D74F4DEC}.Release|Any CPU.ActiveCfg = Release|Any CPU
		{D3D954E3-ABF0-4E67-B066-1939D74F4DEC}.Release|Any CPU.Build.0 = Release|Any CPU
		{D3D954E3-ABF0-4E67-B066-1939D74F4DEC}.Release|x64.ActiveCfg = Release|Any CPU
		{D3D954E3-ABF0-4E67-B066-1939D74F4DEC}.Release|x64.Build.0 = Release|Any CPU
		{D3D954E3-ABF0-4E67-B066-1939D74F4DEC}.Release|x86.ActiveCfg = Release|Any CPU
		{D3D954E3-ABF0-4E67-B066-1939D74F4DEC}.Release|x86.Build.0 = Release|Any CPU
		{2AF6A2CC-25CA-49DB-A769-E019A171146C}.Debug|Any CPU.ActiveCfg = Debug|Any CPU
		{2AF6A2CC-25CA-49DB-A769-E019A171146C}.Debug|Any CPU.Build.0 = Debug|Any CPU
		{2AF6A2CC-25CA-49DB-A769-E019A171146C}.Debug|x64.ActiveCfg = Debug|Any CPU
		{2AF6A2CC-25CA-49DB-A769-E019A171146C}.Debug|x64.Build.0 = Debug|Any CPU
		{2AF6A2CC-25CA-49DB-A769-E019A171146C}.Debug|x86.ActiveCfg = Debug|Any CPU
		{2AF6A2CC-25CA-49DB-A769-E019A171146C}.Debug|x86.Build.0 = Debug|Any CPU
		{2AF6A2CC-25CA-49DB-A769-E019A171146C}.Release|Any CPU.ActiveCfg = Release|Any CPU
		{2AF6A2CC-25CA-49DB-A769-E019A171146C}.Release|Any CPU.Build.0 = Release|Any CPU
		{2AF6A2CC-25CA-49DB-A769-E019A171146C}.Release|x64.ActiveCfg = Release|Any CPU
		{2AF6A2CC-25CA-49DB-A769-E019A171146C}.Release|x64.Build.0 = Release|Any CPU
		{2AF6A2CC-25CA-49DB-A769-E019A171146C}.Release|x86.ActiveCfg = Release|Any CPU
		{2AF6A2CC-25CA-49DB-A769-E019A171146C}.Release|x86.Build.0 = Release|Any CPU
		{527C3883-909C-4F50-B0E4-BE0442F4BBE4}.Debug|Any CPU.ActiveCfg = Debug|Any CPU
		{527C3883-909C-4F50-B0E4-BE0442F4BBE4}.Debug|Any CPU.Build.0 = Debug|Any CPU
		{527C3883-909C-4F50-B0E4-BE0442F4BBE4}.Debug|x64.ActiveCfg = Debug|Any CPU
		{527C3883-909C-4F50-B0E4-BE0442F4BBE4}.Debug|x64.Build.0 = Debug|Any CPU
		{527C3883-909C-4F50-B0E4-BE0442F4BBE4}.Debug|x86.ActiveCfg = Debug|Any CPU
		{527C3883-909C-4F50-B0E4-BE0442F4BBE4}.Debug|x86.Build.0 = Debug|Any CPU
		{527C3883-909C-4F50-B0E4-BE0442F4BBE4}.Release|Any CPU.ActiveCfg = Release|Any CPU
		{527C3883-909C-4F50-B0E4-BE0442F4BBE4}.Release|Any CPU.Build.0 = Release|Any CPU
		{527C3883-909C-4F50-B0E4-BE0442F4BBE4}.Release|x64.ActiveCfg = Release|Any CPU
		{527C3883-909C-4F50-B0E4-BE0442F4BBE4}.Release|x64.Build.0 = Release|Any CPU
		{527C3883-909C-4F50-B0E4-BE0442F4BBE4}.Release|x86.ActiveCfg = Release|Any CPU
		{527C3883-909C-4F50-B0E4-BE0442F4BBE4}.Release|x86.Build.0 = Release|Any CPU
		{F3D0A0C4-0765-4E68-A61B-FCDA2CD23757}.Debug|Any CPU.ActiveCfg = Debug|Any CPU
		{F3D0A0C4-0765-4E68-A61B-FCDA2CD23757}.Debug|Any CPU.Build.0 = Debug|Any CPU
		{F3D0A0C4-0765-4E68-A61B-FCDA2CD23757}.Debug|x64.ActiveCfg = Debug|Any CPU
		{F3D0A0C4-0765-4E68-A61B-FCDA2CD23757}.Debug|x64.Build.0 = Debug|Any CPU
		{F3D0A0C4-0765-4E68-A61B-FCDA2CD23757}.Debug|x86.ActiveCfg = Debug|Any CPU
		{F3D0A0C4-0765-4E68-A61B-FCDA2CD23757}.Debug|x86.Build.0 = Debug|Any CPU
		{F3D0A0C4-0765-4E68-A61B-FCDA2CD23757}.Release|Any CPU.ActiveCfg = Release|Any CPU
		{F3D0A0C4-0765-4E68-A61B-FCDA2CD23757}.Release|Any CPU.Build.0 = Release|Any CPU
		{F3D0A0C4-0765-4E68-A61B-FCDA2CD23757}.Release|x64.ActiveCfg = Release|Any CPU
		{F3D0A0C4-0765-4E68-A61B-FCDA2CD23757}.Release|x64.Build.0 = Release|Any CPU
		{F3D0A0C4-0765-4E68-A61B-FCDA2CD23757}.Release|x86.ActiveCfg = Release|Any CPU
		{F3D0A0C4-0765-4E68-A61B-FCDA2CD23757}.Release|x86.Build.0 = Release|Any CPU
		{03FBBD0B-F611-4423-96C6-51608C95E0C1}.Debug|Any CPU.ActiveCfg = Debug|Any CPU
		{03FBBD0B-F611-4423-96C6-51608C95E0C1}.Debug|Any CPU.Build.0 = Debug|Any CPU
		{03FBBD0B-F611-4423-96C6-51608C95E0C1}.Debug|x64.ActiveCfg = Debug|Any CPU
		{03FBBD0B-F611-4423-96C6-51608C95E0C1}.Debug|x64.Build.0 = Debug|Any CPU
		{03FBBD0B-F611-4423-96C6-51608C95E0C1}.Debug|x86.ActiveCfg = Debug|Any CPU
		{03FBBD0B-F611-4423-96C6-51608C95E0C1}.Debug|x86.Build.0 = Debug|Any CPU
		{03FBBD0B-F611-4423-96C6-51608C95E0C1}.Release|Any CPU.ActiveCfg = Release|Any CPU
		{03FBBD0B-F611-4423-96C6-51608C95E0C1}.Release|Any CPU.Build.0 = Release|Any CPU
		{03FBBD0B-F611-4423-96C6-51608C95E0C1}.Release|x64.ActiveCfg = Release|Any CPU
		{03FBBD0B-F611-4423-96C6-51608C95E0C1}.Release|x64.Build.0 = Release|Any CPU
		{03FBBD0B-F611-4423-96C6-51608C95E0C1}.Release|x86.ActiveCfg = Release|Any CPU
		{03FBBD0B-F611-4423-96C6-51608C95E0C1}.Release|x86.Build.0 = Release|Any CPU
	EndGlobalSection
	GlobalSection(SolutionProperties) = preSolution
		HideSolutionNode = FALSE
	EndGlobalSection
	GlobalSection(NestedProjects) = preSolution
		{D3D954E3-ABF0-4E67-B066-1939D74F4DEC} = {7C8C418E-DA64-826B-FC44-19C8E6950DF3}
		{2AF6A2CC-25CA-49DB-A769-E019A171146C} = {B074FEE8-4E10-0031-71FF-49F4345BFDDF}
		{527C3883-909C-4F50-B0E4-BE0442F4BBE4} = {F22AA972-3027-63FD-3903-780424A49BCB}
		{F3D0A0C4-0765-4E68-A61B-FCDA2CD23757} = {99CA9964-E9DD-35A6-DC82-4979CFE35996}
		{03FBBD0B-F611-4423-96C6-51608C95E0C1} = {8DE91230-3589-0265-9CAA-E66F8B5A7CFA}
	EndGlobalSection
	GlobalSection(ExtensibilityGlobals) = postSolution
		SolutionGuid = {F1FCC1BB-B062-4B22-8E26-F04C44B585FE}
	EndGlobalSection
EndGlobal
